
Microsoft Visual Studio Solution File, Format Version 12.00
# Visual Studio Version 17
VisualStudioVersion = 17.14.36310.24 d17.14
MinimumVisualStudioVersion = 10.0.40219.1
Project("{FAE04EC0-301F-11D3-BF4B-00C04F79EFBC}") = "Challenge Lab 6", "Challenge Lab 6.csproj", "{21863395-BA9E-4B34-8893-F4F1495B8EA5}"
EndProject
Global
	GlobalSection(SolutionConfigurationPlatforms) = preSolution
		Debug|Any CPU = Debug|Any CPU
		Release|Any CPU = Release|Any CPU
	EndGlobalSection
	GlobalSection(ProjectConfigurationPlatforms) = postSolution
		{21863395-BA9E-4B34-8893-F4F1495B8EA5}.Debug|Any CPU.ActiveCfg = Debug|Any CPU
		{21863395-BA9E-4B34-8893-F4F1495B8EA5}.Debug|Any CPU.Build.0 = Debug|Any CPU
		{21863395-BA9E-4B34-8893-F4F1495B8EA5}.Release|Any CPU.ActiveCfg = Release|Any CPU
		{21863395-BA9E-4B34-8893-F4F1495B8EA5}.Release|Any CPU.Build.0 = Release|Any CPU
	EndGlobalSection
	GlobalSection(SolutionProperties) = preSolution
		HideSolutionNode = FALSE
	EndGlobalSection
	GlobalSection(ExtensibilityGlobals) = postSolution
		SolutionGuid = {C0DDC8A6-733C-4D47-995F-08F1B29B18B9}
	EndGlobalSection
EndGlobal
